// !$*UTF8*$!
{
	archiveVersion = 1;
	classes = {
	};
	objectVersion = 53;
	objects = {

/* Begin PBXBuildFile section */
		E05BE3CB252574FA00673380 /* AppDelegate.swift in Sources */ = {isa = PBXBuildFile; fileRef = E05BE3CA252574FA00673380 /* AppDelegate.swift */; };
		E05BE3CF2525751E00673380 /* Assets.xcassets in Resources */ = {isa = PBXBuildFile; fileRef = E05BE3CE2525751E00673380 /* Assets.xcassets */; };
		E05BE3D22525753400673380 /* LaunchScreen.storyboard in Resources */ = {isa = PBXBuildFile; fileRef = E05BE3D12525753400673380 /* LaunchScreen.storyboard */; };
		E05BE3D52525753D00673380 /* ConfigurableViewProtocol.swift in Sources */ = {isa = PBXBuildFile; fileRef = E05BE3D42525753D00673380 /* ConfigurableViewProtocol.swift */; };
		E05BE3DC2525754600673380 /* ConversationsListViewController.swift in Sources */ = {isa = PBXBuildFile; fileRef = E05BE3D82525754600673380 /* ConversationsListViewController.swift */; };
		E05BE3DD2525754600673380 /* ChatOnlineCell.swift in Sources */ = {isa = PBXBuildFile; fileRef = E05BE3DA2525754600673380 /* ChatOnlineCell.swift */; };
		E05BE3DE2525754600673380 /* ConversationsList.storyboard in Resources */ = {isa = PBXBuildFile; fileRef = E05BE3DB2525754600673380 /* ConversationsList.storyboard */; };
		E05BE3EE2525758700673380 /* ConversationCell.swift in Sources */ = {isa = PBXBuildFile; fileRef = E05BE3EB2525758700673380 /* ConversationCell.swift */; };
		E05BE3EF2525758700673380 /* ConversationViewController.swift in Sources */ = {isa = PBXBuildFile; fileRef = E05BE3EC2525758700673380 /* ConversationViewController.swift */; };
		E05BE3F02525758700673380 /* ConversationStoryboard.storyboard in Resources */ = {isa = PBXBuildFile; fileRef = E05BE3ED2525758700673380 /* ConversationStoryboard.storyboard */; };
		E05BE3F32525759B00673380 /* Logger.swift in Sources */ = {isa = PBXBuildFile; fileRef = E05BE3F22525759B00673380 /* Logger.swift */; };
		E05BE3F9252575A200673380 /* Profile.storyboard in Resources */ = {isa = PBXBuildFile; fileRef = E05BE3F6252575A200673380 /* Profile.storyboard */; };
		E05BE3FA252575A200673380 /* ProfileViewController.swift in Sources */ = {isa = PBXBuildFile; fileRef = E05BE3F8252575A200673380 /* ProfileViewController.swift */; };
		E06B174A252908060084BA8D /* ChatOfflineCell.swift in Sources */ = {isa = PBXBuildFile; fileRef = E06B1749252908060084BA8D /* ChatOfflineCell.swift */; };
		E06B174E252909030084BA8D /* ConversationCellModel.swift in Sources */ = {isa = PBXBuildFile; fileRef = E06B174D252909030084BA8D /* ConversationCellModel.swift */; };
		E0CEE2F92526089C00696196 /* ProfileAvatarView.swift in Sources */ = {isa = PBXBuildFile; fileRef = E0CEE2F82526089C00696196 /* ProfileAvatarView.swift */; };
/* End PBXBuildFile section */

/* Begin PBXFileReference section */
		E05BE3CA252574FA00673380 /* AppDelegate.swift */ = {isa = PBXFileReference; fileEncoding = 4; lastKnownFileType = sourcecode.swift; path = AppDelegate.swift; sourceTree = "<group>"; };
		E05BE3CE2525751E00673380 /* Assets.xcassets */ = {isa = PBXFileReference; lastKnownFileType = folder.assetcatalog; path = Assets.xcassets; sourceTree = "<group>"; };
		E05BE3D12525753400673380 /* LaunchScreen.storyboard */ = {isa = PBXFileReference; fileEncoding = 4; lastKnownFileType = file.storyboard; path = LaunchScreen.storyboard; sourceTree = "<group>"; };
		E05BE3D42525753D00673380 /* ConfigurableViewProtocol.swift */ = {isa = PBXFileReference; fileEncoding = 4; lastKnownFileType = sourcecode.swift; path = ConfigurableViewProtocol.swift; sourceTree = "<group>"; };
		E05BE3D82525754600673380 /* ConversationsListViewController.swift */ = {isa = PBXFileReference; fileEncoding = 4; lastKnownFileType = sourcecode.swift; path = ConversationsListViewController.swift; sourceTree = "<group>"; };
		E05BE3DA2525754600673380 /* ChatOnlineCell.swift */ = {isa = PBXFileReference; fileEncoding = 4; lastKnownFileType = sourcecode.swift; path = ChatOnlineCell.swift; sourceTree = "<group>"; };
		E05BE3DB2525754600673380 /* ConversationsList.storyboard */ = {isa = PBXFileReference; fileEncoding = 4; lastKnownFileType = file.storyboard; path = ConversationsList.storyboard; sourceTree = "<group>"; };
		E05BE3EB2525758700673380 /* ConversationCell.swift */ = {isa = PBXFileReference; fileEncoding = 4; lastKnownFileType = sourcecode.swift; path = ConversationCell.swift; sourceTree = "<group>"; };
		E05BE3EC2525758700673380 /* ConversationViewController.swift */ = {isa = PBXFileReference; fileEncoding = 4; lastKnownFileType = sourcecode.swift; path = ConversationViewController.swift; sourceTree = "<group>"; };
		E05BE3ED2525758700673380 /* ConversationStoryboard.storyboard */ = {isa = PBXFileReference; fileEncoding = 4; lastKnownFileType = file.storyboard; path = ConversationStoryboard.storyboard; sourceTree = "<group>"; };
		E05BE3F22525759B00673380 /* Logger.swift */ = {isa = PBXFileReference; fileEncoding = 4; lastKnownFileType = sourcecode.swift; path = Logger.swift; sourceTree = "<group>"; };
		E05BE3F7252575A200673380 /* Base */ = {isa = PBXFileReference; lastKnownFileType = file.storyboard; name = Base; path = Base.lproj/Profile.storyboard; sourceTree = "<group>"; };
		E05BE3F8252575A200673380 /* ProfileViewController.swift */ = {isa = PBXFileReference; fileEncoding = 4; lastKnownFileType = sourcecode.swift; path = ProfileViewController.swift; sourceTree = "<group>"; };
		E06B1749252908060084BA8D /* ChatOfflineCell.swift */ = {isa = PBXFileReference; lastKnownFileType = sourcecode.swift; path = ChatOfflineCell.swift; sourceTree = "<group>"; };
		E06B174D252909030084BA8D /* ConversationCellModel.swift */ = {isa = PBXFileReference; lastKnownFileType = sourcecode.swift; path = ConversationCellModel.swift; sourceTree = "<group>"; };
		E0CEE2F82526089C00696196 /* ProfileAvatarView.swift */ = {isa = PBXFileReference; lastKnownFileType = sourcecode.swift; path = ProfileAvatarView.swift; sourceTree = "<group>"; };
		E0EBA6B2250A8E2D004CD943 /* Tinkoff Fintech App.app */ = {isa = PBXFileReference; explicitFileType = wrapper.application; includeInIndex = 0; path = "Tinkoff Fintech App.app"; sourceTree = BUILT_PRODUCTS_DIR; };
		E0EBA6C3250A8E30004CD943 /* Info.plist */ = {isa = PBXFileReference; lastKnownFileType = text.plist.xml; path = Info.plist; sourceTree = "<group>"; };
/* End PBXFileReference section */

/* Begin PBXFrameworksBuildPhase section */
		E0EBA6AF250A8E2D004CD943 /* Frameworks */ = {
			isa = PBXFrameworksBuildPhase;
			buildActionMask = 2147483647;
			files = (
			);
			runOnlyForDeploymentPostprocessing = 0;
		};
/* End PBXFrameworksBuildPhase section */

/* Begin PBXGroup section */
		E05BE3D72525754600673380 /* ConversationsListViewController */ = {
			isa = PBXGroup;
			children = (
				E05BE3D82525754600673380 /* ConversationsListViewController.swift */,
				E05BE3DB2525754600673380 /* ConversationsList.storyboard */,
				E05BE3D92525754600673380 /* Views */,
				E06B174C252908EC0084BA8D /* Model */,
			);
			path = ConversationsListViewController;
			sourceTree = "<group>";
		};
		E05BE3D92525754600673380 /* Views */ = {
			isa = PBXGroup;
			children = (
				E05BE3DA2525754600673380 /* ChatOnlineCell.swift */,
				E06B1749252908060084BA8D /* ChatOfflineCell.swift */,
			);
			path = Views;
			sourceTree = "<group>";
		};
		E05BE3EA2525758700673380 /* ConversationViewController */ = {
			isa = PBXGroup;
			children = (
				E05BE3EB2525758700673380 /* ConversationCell.swift */,
				E05BE3ED2525758700673380 /* ConversationStoryboard.storyboard */,
				E09884C82528D437007CFBA5 /* Views */,
			);
			path = ConversationViewController;
			sourceTree = "<group>";
		};
		E05BE3F5252575A200673380 /* ProfileViewController */ = {
			isa = PBXGroup;
			children = (
				E05BE3F8252575A200673380 /* ProfileViewController.swift */,
				E05BE3F6252575A200673380 /* Profile.storyboard */,
				E09884CA2528D443007CFBA5 /* Views */,
			);
			path = ProfileViewController;
			sourceTree = "<group>";
		};
		E06B174C252908EC0084BA8D /* Model */ = {
			isa = PBXGroup;
			children = (
				E06B174D252909030084BA8D /* ConversationCellModel.swift */,
			);
			path = Model;
			sourceTree = "<group>";
		};
		E09884C82528D437007CFBA5 /* Views */ = {
			isa = PBXGroup;
			children = (
				E05BE3EC2525758700673380 /* ConversationViewController.swift */,
			);
			path = Views;
			sourceTree = "<group>";
		};
		E09884CA2528D443007CFBA5 /* Views */ = {
			isa = PBXGroup;
			children = (
				E0CEE2F82526089C00696196 /* ProfileAvatarView.swift */,
			);
			path = Views;
			sourceTree = "<group>";
		};
		E0EBA6A9250A8E2D004CD943 = {
			isa = PBXGroup;
			children = (
				E0EBA6B4250A8E2D004CD943 /* Tinkoff Fintech App */,
				E0EBA6B3250A8E2D004CD943 /* Products */,
			);
			sourceTree = "<group>";
		};
		E0EBA6B3250A8E2D004CD943 /* Products */ = {
			isa = PBXGroup;
			children = (
				E0EBA6B2250A8E2D004CD943 /* Tinkoff Fintech App.app */,
			);
			name = Products;
			sourceTree = "<group>";
		};
		E0EBA6B4250A8E2D004CD943 /* Tinkoff Fintech App */ = {
			isa = PBXGroup;
			children = (
				E05BE3CA252574FA00673380 /* AppDelegate.swift */,
				E05BE3F22525759B00673380 /* Logger.swift */,
				E05BE3D42525753D00673380 /* ConfigurableViewProtocol.swift */,
				E05BE3D12525753400673380 /* LaunchScreen.storyboard */,
				E05BE3CE2525751E00673380 /* Assets.xcassets */,
				E05BE3D72525754600673380 /* ConversationsListViewController */,
				E05BE3EA2525758700673380 /* ConversationViewController */,
				E05BE3F5252575A200673380 /* ProfileViewController */,
				E0EBA6C3250A8E30004CD943 /* Info.plist */,
			);
			path = "Tinkoff Fintech App";
			sourceTree = "<group>";
		};
/* End PBXGroup section */

/* Begin PBXNativeTarget section */
		E0EBA6B1250A8E2D004CD943 /* Tinkoff Fintech App */ = {
			isa = PBXNativeTarget;
			buildConfigurationList = E0EBA6C6250A8E30004CD943 /* Build configuration list for PBXNativeTarget "Tinkoff Fintech App" */;
			buildPhases = (
				E0EBA6AE250A8E2D004CD943 /* Sources */,
				E0EBA6AF250A8E2D004CD943 /* Frameworks */,
				E0EBA6B0250A8E2D004CD943 /* Resources */,
			);
			buildRules = (
			);
			dependencies = (
			);
			name = "Tinkoff Fintech App";
			productName = "Tinkoff Fintech App";
			productReference = E0EBA6B2250A8E2D004CD943 /* Tinkoff Fintech App.app */;
			productType = "com.apple.product-type.application";
		};
/* End PBXNativeTarget section */

/* Begin PBXProject section */
		E0EBA6AA250A8E2D004CD943 /* Project object */ = {
			isa = PBXProject;
			attributes = {
				LastSwiftUpdateCheck = 1170;
				LastUpgradeCheck = 1200;
				ORGANIZATIONNAME = "Dobrotolyubov Danila";
				TargetAttributes = {
					E0EBA6B1250A8E2D004CD943 = {
						CreatedOnToolsVersion = 11.7;
					};
				};
			};
			buildConfigurationList = E0EBA6AD250A8E2D004CD943 /* Build configuration list for PBXProject "Tinkoff Fintech App" */;
			compatibilityVersion = "Xcode 11.4";
			developmentRegion = en;
			hasScannedForEncodings = 0;
			knownRegions = (
				en,
				Base,
			);
			mainGroup = E0EBA6A9250A8E2D004CD943;
			productRefGroup = E0EBA6B3250A8E2D004CD943 /* Products */;
			projectDirPath = "";
			projectRoot = "";
			targets = (
				E0EBA6B1250A8E2D004CD943 /* Tinkoff Fintech App */,
			);
		};
/* End PBXProject section */

/* Begin PBXResourcesBuildPhase section */
		E0EBA6B0250A8E2D004CD943 /* Resources */ = {
			isa = PBXResourcesBuildPhase;
			buildActionMask = 2147483647;
			files = (
				E05BE3F02525758700673380 /* ConversationStoryboard.storyboard in Resources */,
				E05BE3CF2525751E00673380 /* Assets.xcassets in Resources */,
				E05BE3F9252575A200673380 /* Profile.storyboard in Resources */,
				E05BE3D22525753400673380 /* LaunchScreen.storyboard in Resources */,
				E05BE3DE2525754600673380 /* ConversationsList.storyboard in Resources */,
			);
			runOnlyForDeploymentPostprocessing = 0;
		};
/* End PBXResourcesBuildPhase section */

/* Begin PBXSourcesBuildPhase section */
		E0EBA6AE250A8E2D004CD943 /* Sources */ = {
			isa = PBXSourcesBuildPhase;
			buildActionMask = 2147483647;
			files = (
				E05BE3DD2525754600673380 /* ChatOnlineCell.swift in Sources */,
				E0CEE2F92526089C00696196 /* ProfileAvatarView.swift in Sources */,
				E05BE3CB252574FA00673380 /* AppDelegate.swift in Sources */,
				E05BE3EF2525758700673380 /* ConversationViewController.swift in Sources */,
				E05BE3D52525753D00673380 /* ConfigurableViewProtocol.swift in Sources */,
				E05BE3F32525759B00673380 /* Logger.swift in Sources */,
				E05BE3DC2525754600673380 /* ConversationsListViewController.swift in Sources */,
				E05BE3FA252575A200673380 /* ProfileViewController.swift in Sources */,
				E05BE3EE2525758700673380 /* ConversationCell.swift in Sources */,
				E06B174A252908060084BA8D /* ChatOfflineCell.swift in Sources */,
				E06B174E252909030084BA8D /* ConversationCellModel.swift in Sources */,
			);
			runOnlyForDeploymentPostprocessing = 0;
		};
/* End PBXSourcesBuildPhase section */

/* Begin PBXVariantGroup section */
		E05BE3F6252575A200673380 /* Profile.storyboard */ = {
			isa = PBXVariantGroup;
			children = (
				E05BE3F7252575A200673380 /* Base */,
			);
			name = Profile.storyboard;
			sourceTree = "<group>";
		};
/* End PBXVariantGroup section */

/* Begin XCBuildConfiguration section */
		E0EBA6C4250A8E30004CD943 /* Debug */ = {
			isa = XCBuildConfiguration;
			buildSettings = {
				ALWAYS_SEARCH_USER_PATHS = NO;
				CLANG_ANALYZER_NONNULL = YES;
				CLANG_ANALYZER_NUMBER_OBJECT_CONVERSION = YES_AGGRESSIVE;
				CLANG_CXX_LANGUAGE_STANDARD = "gnu++14";
				CLANG_CXX_LIBRARY = "libc++";
				CLANG_ENABLE_MODULES = YES;
				CLANG_ENABLE_OBJC_ARC = YES;
				CLANG_ENABLE_OBJC_WEAK = YES;
				CLANG_WARN_BLOCK_CAPTURE_AUTORELEASING = YES;
				CLANG_WARN_BOOL_CONVERSION = YES;
				CLANG_WARN_COMMA = YES;
				CLANG_WARN_CONSTANT_CONVERSION = YES;
				CLANG_WARN_DEPRECATED_OBJC_IMPLEMENTATIONS = YES;
				CLANG_WARN_DIRECT_OBJC_ISA_USAGE = YES_ERROR;
				CLANG_WARN_DOCUMENTATION_COMMENTS = YES;
				CLANG_WARN_EMPTY_BODY = YES;
				CLANG_WARN_ENUM_CONVERSION = YES;
				CLANG_WARN_INFINITE_RECURSION = YES;
				CLANG_WARN_INT_CONVERSION = YES;
				CLANG_WARN_NON_LITERAL_NULL_CONVERSION = YES;
				CLANG_WARN_OBJC_IMPLICIT_RETAIN_SELF = YES;
				CLANG_WARN_OBJC_LITERAL_CONVERSION = YES;
				CLANG_WARN_OBJC_ROOT_CLASS = YES_ERROR;
				CLANG_WARN_QUOTED_INCLUDE_IN_FRAMEWORK_HEADER = YES;
				CLANG_WARN_RANGE_LOOP_ANALYSIS = YES;
				CLANG_WARN_STRICT_PROTOTYPES = YES;
				CLANG_WARN_SUSPICIOUS_MOVE = YES;
				CLANG_WARN_UNGUARDED_AVAILABILITY = YES_AGGRESSIVE;
				CLANG_WARN_UNREACHABLE_CODE = YES;
				CLANG_WARN__DUPLICATE_METHOD_MATCH = YES;
				COPY_PHASE_STRIP = NO;
				DEBUG_INFORMATION_FORMAT = dwarf;
				ENABLE_STRICT_OBJC_MSGSEND = YES;
				ENABLE_TESTABILITY = YES;
				GCC_C_LANGUAGE_STANDARD = gnu11;
				GCC_DYNAMIC_NO_PIC = NO;
				GCC_NO_COMMON_BLOCKS = YES;
				GCC_OPTIMIZATION_LEVEL = 0;
				GCC_PREPROCESSOR_DEFINITIONS = (
					"DEBUG=1",
					"$(inherited)",
				);
				GCC_WARN_64_TO_32_BIT_CONVERSION = YES;
				GCC_WARN_ABOUT_RETURN_TYPE = YES_ERROR;
				GCC_WARN_UNDECLARED_SELECTOR = YES;
				GCC_WARN_UNINITIALIZED_AUTOS = YES_AGGRESSIVE;
				GCC_WARN_UNUSED_FUNCTION = YES;
				GCC_WARN_UNUSED_VARIABLE = YES;
				IPHONEOS_DEPLOYMENT_TARGET = 12.0;
				MTL_ENABLE_DEBUG_INFO = INCLUDE_SOURCE;
				MTL_FAST_MATH = YES;
				ONLY_ACTIVE_ARCH = YES;
				SDKROOT = iphoneos;
				SWIFT_ACTIVE_COMPILATION_CONDITIONS = DEBUG;
				SWIFT_OPTIMIZATION_LEVEL = "-Onone";
			};
			name = Debug;
		};
		E0EBA6C5250A8E30004CD943 /* Release */ = {
			isa = XCBuildConfiguration;
			buildSettings = {
				ALWAYS_SEARCH_USER_PATHS = NO;
				CLANG_ANALYZER_NONNULL = YES;
				CLANG_ANALYZER_NUMBER_OBJECT_CONVERSION = YES_AGGRESSIVE;
				CLANG_CXX_LANGUAGE_STANDARD = "gnu++14";
				CLANG_CXX_LIBRARY = "libc++";
				CLANG_ENABLE_MODULES = YES;
				CLANG_ENABLE_OBJC_ARC = YES;
				CLANG_ENABLE_OBJC_WEAK = YES;
				CLANG_WARN_BLOCK_CAPTURE_AUTORELEASING = YES;
				CLANG_WARN_BOOL_CONVERSION = YES;
				CLANG_WARN_COMMA = YES;
				CLANG_WARN_CONSTANT_CONVERSION = YES;
				CLANG_WARN_DEPRECATED_OBJC_IMPLEMENTATIONS = YES;
				CLANG_WARN_DIRECT_OBJC_ISA_USAGE = YES_ERROR;
				CLANG_WARN_DOCUMENTATION_COMMENTS = YES;
				CLANG_WARN_EMPTY_BODY = YES;
				CLANG_WARN_ENUM_CONVERSION = YES;
				CLANG_WARN_INFINITE_RECURSION = YES;
				CLANG_WARN_INT_CONVERSION = YES;
				CLANG_WARN_NON_LITERAL_NULL_CONVERSION = YES;
				CLANG_WARN_OBJC_IMPLICIT_RETAIN_SELF = YES;
				CLANG_WARN_OBJC_LITERAL_CONVERSION = YES;
				CLANG_WARN_OBJC_ROOT_CLASS = YES_ERROR;
				CLANG_WARN_QUOTED_INCLUDE_IN_FRAMEWORK_HEADER = YES;
				CLANG_WARN_RANGE_LOOP_ANALYSIS = YES;
				CLANG_WARN_STRICT_PROTOTYPES = YES;
				CLANG_WARN_SUSPICIOUS_MOVE = YES;
				CLANG_WARN_UNGUARDED_AVAILABILITY = YES_AGGRESSIVE;
				CLANG_WARN_UNREACHABLE_CODE = YES;
				CLANG_WARN__DUPLICATE_METHOD_MATCH = YES;
				COPY_PHASE_STRIP = NO;
				DEBUG_INFORMATION_FORMAT = "dwarf-with-dsym";
				ENABLE_NS_ASSERTIONS = NO;
				ENABLE_STRICT_OBJC_MSGSEND = YES;
				GCC_C_LANGUAGE_STANDARD = gnu11;
				GCC_NO_COMMON_BLOCKS = YES;
				GCC_WARN_64_TO_32_BIT_CONVERSION = YES;
				GCC_WARN_ABOUT_RETURN_TYPE = YES_ERROR;
				GCC_WARN_UNDECLARED_SELECTOR = YES;
				GCC_WARN_UNINITIALIZED_AUTOS = YES_AGGRESSIVE;
				GCC_WARN_UNUSED_FUNCTION = YES;
				GCC_WARN_UNUSED_VARIABLE = YES;
				IPHONEOS_DEPLOYMENT_TARGET = 12.0;
				MTL_ENABLE_DEBUG_INFO = NO;
				MTL_FAST_MATH = YES;
				SDKROOT = iphoneos;
				SWIFT_COMPILATION_MODE = wholemodule;
				SWIFT_OPTIMIZATION_LEVEL = "-O";
				VALIDATE_PRODUCT = YES;
			};
			name = Release;
		};
		E0EBA6C7250A8E30004CD943 /* Debug */ = {
			isa = XCBuildConfiguration;
			buildSettings = {
				ASSETCATALOG_COMPILER_APPICON_NAME = AppIcon;
				CODE_SIGN_STYLE = Automatic;
				DEVELOPMENT_TEAM = PLZNGC64TN;
				INFOPLIST_FILE = "Tinkoff Fintech App/Info.plist";
				IPHONEOS_DEPLOYMENT_TARGET = 12.0;
				LD_RUNPATH_SEARCH_PATHS = (
					"$(inherited)",
					"@executable_path/Frameworks",
				);
				PRODUCT_BUNDLE_IDENTIFIER = "-ru.Dobrotolyubov";
				PRODUCT_NAME = "$(TARGET_NAME)";
				SWIFT_VERSION = 5.0;
				TARGETED_DEVICE_FAMILY = 1;
			};
			name = Debug;
		};
		E0EBA6C8250A8E30004CD943 /* Release */ = {
			isa = XCBuildConfiguration;
			buildSettings = {
				ASSETCATALOG_COMPILER_APPICON_NAME = AppIcon;
				CODE_SIGN_STYLE = Automatic;
				DEVELOPMENT_TEAM = PLZNGC64TN;
				INFOPLIST_FILE = "Tinkoff Fintech App/Info.plist";
				IPHONEOS_DEPLOYMENT_TARGET = 12.0;
				LD_RUNPATH_SEARCH_PATHS = (
					"$(inherited)",
					"@executable_path/Frameworks",
				);
				PRODUCT_BUNDLE_IDENTIFIER = "-ru.Dobrotolyubov";
				PRODUCT_NAME = "$(TARGET_NAME)";
				SWIFT_VERSION = 5.0;
				TARGETED_DEVICE_FAMILY = 1;
			};
			name = Release;
		};
/* End XCBuildConfiguration section */

/* Begin XCConfigurationList section */
		E0EBA6AD250A8E2D004CD943 /* Build configuration list for PBXProject "Tinkoff Fintech App" */ = {
			isa = XCConfigurationList;
			buildConfigurations = (
				E0EBA6C4250A8E30004CD943 /* Debug */,
				E0EBA6C5250A8E30004CD943 /* Release */,
			);
			defaultConfigurationIsVisible = 0;
			defaultConfigurationName = Release;
		};
		E0EBA6C6250A8E30004CD943 /* Build configuration list for PBXNativeTarget "Tinkoff Fintech App" */ = {
			isa = XCConfigurationList;
			buildConfigurations = (
				E0EBA6C7250A8E30004CD943 /* Debug */,
				E0EBA6C8250A8E30004CD943 /* Release */,
			);
			defaultConfigurationIsVisible = 0;
			defaultConfigurationName = Release;
		};
/* End XCConfigurationList section */
	};
	rootObject = E0EBA6AA250A8E2D004CD943 /* Project object */;
}
